
Microsoft Visual Studio Solution File, Format Version 12.00
# Visual Studio 15
VisualStudioVersion = 15.0.28010.2036
MinimumVisualStudioVersion = 10.0.40219.1
Project("{FAE04EC0-301F-11D3-BF4B-00C04F79EFBC}") = "AssemblerCompiler", "AssemblerCompiler\AssemblerCompiler.csproj", "{724F1DC8-87B5-467D-9583-EBC8A62BFEB8}"
EndProject
Project("{FAE04EC0-301F-11D3-BF4B-00C04F79EFBC}") = "AssemblerCompilerTests", "AssemblerCompilerTests\AssemblerCompilerTests.csproj", "{513B7630-5F18-4EF4-9A0B-A554A28A95BF}"
EndProject
Global
	GlobalSection(SolutionConfigurationPlatforms) = preSolution
		Debug|Any CPU = Debug|Any CPU
		Release|Any CPU = Release|Any CPU
	EndGlobalSection
	GlobalSection(ProjectConfigurationPlatforms) = postSolution
		{724F1DC8-87B5-467D-9583-EBC8A62BFEB8}.Debug|Any CPU.ActiveCfg = Debug|Any CPU
		{724F1DC8-87B5-467D-9583-EBC8A62BFEB8}.Debug|Any CPU.Build.0 = Debug|Any CPU
		{724F1DC8-87B5-467D-9583-EBC8A62BFEB8}.Release|Any CPU.ActiveCfg = Release|Any CPU
		{724F1DC8-87B5-467D-9583-EBC8A62BFEB8}.Release|Any CPU.Build.0 = Release|Any CPU
		{513B7630-5F18-4EF4-9A0B-A554A28A95BF}.Debug|Any CPU.ActiveCfg = Debug|Any CPU
		{513B7630-5F18-4EF4-9A0B-A554A28A95BF}.Debug|Any CPU.Build.0 = Debug|Any CPU
		{513B7630-5F18-4EF4-9A0B-A554A28A95BF}.Release|Any CPU.ActiveCfg = Release|Any CPU
		{513B7630-5F18-4EF4-9A0B-A554A28A95BF}.Release|Any CPU.Build.0 = Release|Any CPU
	EndGlobalSection
	GlobalSection(SolutionProperties) = preSolution
		HideSolutionNode = FALSE
	EndGlobalSection
	GlobalSection(ExtensibilityGlobals) = postSolution
		SolutionGuid = {3EE889DB-A93F-47C6-B3D4-4FDE9C48B572}
	EndGlobalSection
EndGlobal
